
Microsoft Visual Studio Solution File, Format Version 12.00
# Visual Studio 15
VisualStudioVersion = 15.0.27130.2026
MinimumVisualStudioVersion = 10.0.40219.1
Project("{FAE04EC0-301F-11D3-BF4B-00C04F79EFBC}") = "TSDMMusicdotNet", "TSDMMusicdotNet\TSDMMusicdotNet.csproj", "{0AF648EB-C3D1-477B-BAC1-0AFFC9FD9556}"
EndProject
Global
	GlobalSection(SolutionConfigurationPlatforms) = preSolution
		Debug|Any CPU = Debug|Any CPU
		Release|Any CPU = Release|Any CPU
	EndGlobalSection
	GlobalSection(ProjectConfigurationPlatforms) = postSolution
		{0AF648EB-C3D1-477B-BAC1-0AFFC9FD9556}.Debug|Any CPU.ActiveCfg = Debug|Any CPU
		{0AF648EB-C3D1-477B-BAC1-0AFFC9FD9556}.Debug|Any CPU.Build.0 = Debug|Any CPU
		{0AF648EB-C3D1-477B-BAC1-0AFFC9FD9556}.Release|Any CPU.ActiveCfg = Release|Any CPU
		{0AF648EB-C3D1-477B-BAC1-0AFFC9FD9556}.Release|Any CPU.Build.0 = Release|Any CPU
	EndGlobalSection
	GlobalSection(SolutionProperties) = preSolution
		HideSolutionNode = FALSE
	EndGlobalSection
	GlobalSection(ExtensibilityGlobals) = postSolution
		SolutionGuid = {FAB25FBD-B53D-40D6-9577-7E0101A3E535}
	EndGlobalSection
EndGlobal
